// !$*UTF8*$!
{
	archiveVersion = 1;
	classes = {
	};
	objectVersion = 46;
	objects = {

/* Begin PBXBuildFile section */
		A914F26C1EFD47EE000C9B8A /* AppDelegate.swift in Sources */ = {isa = PBXBuildFile; fileRef = A914F26B1EFD47EE000C9B8A /* AppDelegate.swift */; };
		A914F26E1EFD47EF000C9B8A /* ViewController.swift in Sources */ = {isa = PBXBuildFile; fileRef = A914F26D1EFD47EF000C9B8A /* ViewController.swift */; };
		A914F2711EFD47EF000C9B8A /* Main.storyboard in Resources */ = {isa = PBXBuildFile; fileRef = A914F26F1EFD47EF000C9B8A /* Main.storyboard */; };
		A914F2731EFD47EF000C9B8A /* Assets.xcassets in Resources */ = {isa = PBXBuildFile; fileRef = A914F2721EFD47EF000C9B8A /* Assets.xcassets */; };
		A914F2761EFD47EF000C9B8A /* LaunchScreen.storyboard in Resources */ = {isa = PBXBuildFile; fileRef = A914F2741EFD47EF000C9B8A /* LaunchScreen.storyboard */; };
/* End PBXBuildFile section */

/* Begin PBXFileReference section */
		A914F2681EFD47EE000C9B8A /* AlertControllerSwift.app */ = {isa = PBXFileReference; explicitFileType = wrapper.application; includeInIndex = 0; path = AlertControllerSwift.app; sourceTree = BUILT_PRODUCTS_DIR; };
		A914F26B1EFD47EE000C9B8A /* AppDelegate.swift */ = {isa = PBXFileReference; lastKnownFileType = sourcecode.swift; path = AppDelegate.swift; sourceTree = "<group>"; };
		A914F26D1EFD47EF000C9B8A /* ViewController.swift */ = {isa = PBXFileReference; lastKnownFileType = sourcecode.swift; path = ViewController.swift; sourceTree = "<group>"; };
		A914F2701EFD47EF000C9B8A /* Base */ = {isa = PBXFileReference; lastKnownFileType = file.storyboard; name = Base; path = Base.lproj/Main.storyboard; sourceTree = "<group>"; };
		A914F2721EFD47EF000C9B8A /* Assets.xcassets */ = {isa = PBXFileReference; lastKnownFileType = folder.assetcatalog; path = Assets.xcassets; sourceTree = "<group>"; };
		A914F2751EFD47EF000C9B8A /* Base */ = {isa = PBXFileReference; lastKnownFileType = file.storyboard; name = Base; path = Base.lproj/LaunchScreen.storyboard; sourceTree = "<group>"; };
		A914F2771EFD47EF000C9B8A /* Info.plist */ = {isa = PBXFileReference; lastKnownFileType = text.plist.xml; path = Info.plist; sourceTree = "<group>"; };
/* End PBXFileReference section */

/* Begin PBXFrameworksBuildPhase section */
		A914F2651EFD47EE000C9B8A /* Frameworks */ = {
			isa = PBXFrameworksBuildPhase;
			buildActionMask = 2147483647;
			files = (
			);
			runOnlyForDeploymentPostprocessing = 0;
		};
/* End PBXFrameworksBuildPhase section */

/* Begin PBXGroup section */
		A914F25F1EFD47EE000C9B8A = {
			isa = PBXGroup;
			children = (
				A914F26A1EFD47EE000C9B8A /* AlertControllerSwift */,
				A914F2691EFD47EE000C9B8A /* Products */,
			);
			sourceTree = "<group>";
		};
		A914F2691EFD47EE000C9B8A /* Products */ = {
			isa = PBXGroup;
			children = (
				A914F2681EFD47EE000C9B8A /* AlertControllerSwift.app */,
			);
			name = Products;
			sourceTree = "<group>";
		};
		A914F26A1EFD47EE000C9B8A /* AlertControllerSwift */ = {
			isa = PBXGroup;
			children = (
				A914F26B1EFD47EE000C9B8A /* AppDelegate.swift */,
				A914F26D1EFD47EF000C9B8A /* ViewController.swift */,
				A914F26F1EFD47EF000C9B8A /* Main.storyboard */,
				A914F2721EFD47EF000C9B8A /* Assets.xcassets */,
				A914F2741EFD47EF000C9B8A /* LaunchScreen.storyboard */,
				A914F2771EFD47EF000C9B8A /* Info.plist */,
			);
			path = AlertControllerSwift;
			sourceTree = "<group>";
		};
/* End PBXGroup section */

/* Begin PBXNativeTarget section */
		A914F2671EFD47EE000C9B8A /* AlertControllerSwift */ = {
			isa = PBXNativeTarget;
			buildConfigurationList = A914F27A1EFD47EF000C9B8A /* Build configuration list for PBXNativeTarget "AlertControllerSwift" */;
			buildPhases = (
				A914F2641EFD47EE000C9B8A /* Sources */,
				A914F2651EFD47EE000C9B8A /* Frameworks */,
				A914F2661EFD47EE000C9B8A /* Resources */,
			);
			buildRules = (
			);
			dependencies = (
			);
			name = AlertControllerSwift;
			productName = AlertControllerSwift;
			productReference = A914F2681EFD47EE000C9B8A /* AlertControllerSwift.app */;
			productType = "com.apple.product-type.application";
		};
/* End PBXNativeTarget section */

/* Begin PBXProject section */
		A914F2601EFD47EE000C9B8A /* Project object */ = {
			isa = PBXProject;
			attributes = {
				LastSwiftUpdateCheck = 0830;
				LastUpgradeCheck = 0830;
				ORGANIZATIONNAME = com.swift;
				TargetAttributes = {
					A914F2671EFD47EE000C9B8A = {
						CreatedOnToolsVersion = 8.3.2;
						ProvisioningStyle = Automatic;
					};
				};
			};
			buildConfigurationList = A914F2631EFD47EE000C9B8A /* Build configuration list for PBXProject "AlertControllerSwift" */;
			compatibilityVersion = "Xcode 3.2";
			developmentRegion = English;
			hasScannedForEncodings = 0;
			knownRegions = (
				en,
				Base,
			);
			mainGroup = A914F25F1EFD47EE000C9B8A;
			productRefGroup = A914F2691EFD47EE000C9B8A /* Products */;
			projectDirPath = "";
			projectRoot = "";
			targets = (
				A914F2671EFD47EE000C9B8A /* AlertControllerSwift */,
			);
		};
/* End PBXProject section */

/* Begin PBXResourcesBuildPhase section */
		A914F2661EFD47EE000C9B8A /* Resources */ = {
			isa = PBXResourcesBuildPhase;
			buildActionMask = 2147483647;
			files = (
				A914F2761EFD47EF000C9B8A /* LaunchScreen.storyboard in Resources */,
				A914F2731EFD47EF000C9B8A /* Assets.xcassets in Resources */,
				A914F2711EFD47EF000C9B8A /* Main.storyboard in Resources */,
			);
			runOnlyForDeploymentPostprocessing = 0;
		};
/* End PBXResourcesBuildPhase section */

/* Begin PBXSourcesBuildPhase section */
		A914F2641EFD47EE000C9B8A /* Sources */ = {
			isa = PBXSourcesBuildPhase;
			buildActionMask = 2147483647;
			files = (
				A914F26E1EFD47EF000C9B8A /* ViewController.swift in Sources */,
				A914F26C1EFD47EE000C9B8A /* AppDelegate.swift in Sources */,
			);
			runOnlyForDeploymentPostprocessing = 0;
		};
/* End PBXSourcesBuildPhase section */

/* Begin PBXVariantGroup section */
		A914F26F1EFD47EF000C9B8A /* Main.storyboard */ = {
			isa = PBXVariantGroup;
			children = (
				A914F2701EFD47EF000C9B8A /* Base */,
			);
			name = Main.storyboard;
			sourceTree = "<group>";
		};
		A914F2741EFD47EF000C9B8A /* LaunchScreen.storyboard */ = {
			isa = PBXVariantGroup;
			children = (
				A914F2751EFD47EF000C9B8A /* Base */,
			);
			name = LaunchScreen.storyboard;
			sourceTree = "<group>";
		};
/* End PBXVariantGroup section */

/* Begin XCBuildConfiguration section */
		A914F2781EFD47EF000C9B8A /* Debug */ = {
			isa = XCBuildConfiguration;
			buildSettings = {
				ALWAYS_SEARCH_USER_PATHS = NO;
				CLANG_ANALYZER_NONNULL = YES;
				CLANG_ANALYZER_NUMBER_OBJECT_CONVERSION = YES_AGGRESSIVE;
				CLANG_CXX_LANGUAGE_STANDARD = "gnu++0x";
				CLANG_CXX_LIBRARY = "libc++";
				CLANG_ENABLE_MODULES = YES;
				CLANG_ENABLE_OBJC_ARC = YES;
				CLANG_WARN_BOOL_CONVERSION = YES;
				CLANG_WARN_CONSTANT_CONVERSION = YES;
				CLANG_WARN_DIRECT_OBJC_ISA_USAGE = YES_ERROR;
				CLANG_WARN_DOCUMENTATION_COMMENTS = YES;
				CLANG_WARN_EMPTY_BODY = YES;
				CLANG_WARN_ENUM_CONVERSION = YES;
				CLANG_WARN_INFINITE_RECURSION = YES;
				CLANG_WARN_INT_CONVERSION = YES;
				CLANG_WARN_OBJC_ROOT_CLASS = YES_ERROR;
				CLANG_WARN_SUSPICIOUS_MOVE = YES;
				CLANG_WARN_UNREACHABLE_CODE = YES;
				CLANG_WARN__DUPLICATE_METHOD_MATCH = YES;
				"CODE_SIGN_IDENTITY[sdk=iphoneos*]" = "iPhone Developer";
				COPY_PHASE_STRIP = NO;
				DEBUG_INFORMATION_FORMAT = dwarf;
				ENABLE_STRICT_OBJC_MSGSEND = YES;
				ENABLE_TESTABILITY = YES;
				GCC_C_LANGUAGE_STANDARD = gnu99;
				GCC_DYNAMIC_NO_PIC = NO;
				GCC_NO_COMMON_BLOCKS = YES;
				GCC_OPTIMIZATION_LEVEL = 0;
				GCC_PREPROCESSOR_DEFINITIONS = (
					"DEBUG=1",
					"$(inherited)",
				);
				GCC_WARN_64_TO_32_BIT_CONVERSION = YES;
				GCC_WARN_ABOUT_RETURN_TYPE = YES_ERROR;
				GCC_WARN_UNDECLARED_SELECTOR = YES;
				GCC_WARN_UNINITIALIZED_AUTOS = YES_AGGRESSIVE;
				GCC_WARN_UNUSED_FUNCTION = YES;
				GCC_WARN_UNUSED_VARIABLE = YES;
				IPHONEOS_DEPLOYMENT_TARGET = 10.3;
				MTL_ENABLE_DEBUG_INFO = YES;
				ONLY_ACTIVE_ARCH = YES;
				SDKROOT = iphoneos;
				SWIFT_ACTIVE_COMPILATION_CONDITIONS = DEBUG;
				SWIFT_OPTIMIZATION_LEVEL = "-Onone";
			};
			name = Debug;
		};
		A914F2791EFD47EF000C9B8A /* Release */ = {
			isa = XCBuildConfiguration;
			buildSettings = {
				ALWAYS_SEARCH_USER_PATHS = NO;
				CLANG_ANALYZER_NONNULL = YES;
				CLANG_ANALYZER_NUMBER_OBJECT_CONVERSION = YES_AGGRESSIVE;
				CLANG_CXX_LANGUAGE_STANDARD = "gnu++0x";
				CLANG_CXX_LIBRARY = "libc++";
				CLANG_ENABLE_MODULES = YES;
				CLANG_ENABLE_OBJC_ARC = YES;
				CLANG_WARN_BOOL_CONVERSION = YES;
				CLANG_WARN_CONSTANT_CONVERSION = YES;
				CLANG_WARN_DIRECT_OBJC_ISA_USAGE = YES_ERROR;
				CLANG_WARN_DOCUMENTATION_COMMENTS = YES;
				CLANG_WARN_EMPTY_BODY = YES;
				CLANG_WARN_ENUM_CONVERSION = YES;
				CLANG_WARN_INFINITE_RECURSION = YES;
				CLANG_WARN_INT_CONVERSION = YES;
				CLANG_WARN_OBJC_ROOT_CLASS = YES_ERROR;
				CLANG_WARN_SUSPICIOUS_MOVE = YES;
				CLANG_WARN_UNREACHABLE_CODE = YES;
				CLANG_WARN__DUPLICATE_METHOD_MATCH = YES;
				"CODE_SIGN_IDENTITY[sdk=iphoneos*]" = "iPhone Developer";
				COPY_PHASE_STRIP = NO;
				DEBUG_INFORMATION_FORMAT = "dwarf-with-dsym";
				ENABLE_NS_ASSERTIONS = NO;
				ENABLE_STRICT_OBJC_MSGSEND = YES;
				GCC_C_LANGUAGE_STANDARD = gnu99;
				GCC_NO_COMMON_BLOCKS = YES;
				GCC_WARN_64_TO_32_BIT_CONVERSION = YES;
				GCC_WARN_ABOUT_RETURN_TYPE = YES_ERROR;
				GCC_WARN_UNDECLARED_SELECTOR = YES;
				GCC_WARN_UNINITIALIZED_AUTOS = YES_AGGRESSIVE;
				GCC_WARN_UNUSED_FUNCTION = YES;
				GCC_WARN_UNUSED_VARIABLE = YES;
				IPHONEOS_DEPLOYMENT_TARGET = 10.3;
				MTL_ENABLE_DEBUG_INFO = NO;
				SDKROOT = iphoneos;
				SWIFT_OPTIMIZATION_LEVEL = "-Owholemodule";
				VALIDATE_PRODUCT = YES;
			};
			name = Release;
		};
		A914F27B1EFD47EF000C9B8A /* Debug */ = {
			isa = XCBuildConfiguration;
			buildSettings = {
				ASSETCATALOG_COMPILER_APPICON_NAME = AppIcon;
				INFOPLIST_FILE = AlertControllerSwift/Info.plist;
				LD_RUNPATH_SEARCH_PATHS = "$(inherited) @executable_path/Frameworks";
				PRODUCT_BUNDLE_IDENTIFIER = Swift.AlertControllerSwift;
				PRODUCT_NAME = "$(TARGET_NAME)";
				SWIFT_VERSION = 3.0;
			};
			name = Debug;
		};
		A914F27C1EFD47EF000C9B8A /* Release */ = {
			isa = XCBuildConfiguration;
			buildSettings = {
				ASSETCATALOG_COMPILER_APPICON_NAME = AppIcon;
				INFOPLIST_FILE = AlertControllerSwift/Info.plist;
				LD_RUNPATH_SEARCH_PATHS = "$(inherited) @executable_path/Frameworks";
				PRODUCT_BUNDLE_IDENTIFIER = Swift.AlertControllerSwift;
				PRODUCT_NAME = "$(TARGET_NAME)";
				SWIFT_VERSION = 3.0;
			};
			name = Release;
		};
/* End XCBuildConfiguration section */

/* Begin XCConfigurationList section */
		A914F2631EFD47EE000C9B8A /* Build configuration list for PBXProject "AlertControllerSwift" */ = {
			isa = XCConfigurationList;
			buildConfigurations = (
				A914F2781EFD47EF000C9B8A /* Debug */,
				A914F2791EFD47EF000C9B8A /* Release */,
			);
			defaultConfigurationIsVisible = 0;
			defaultConfigurationName = Release;
		};
		A914F27A1EFD47EF000C9B8A /* Build configuration list for PBXNativeTarget "AlertControllerSwift" */ = {
			isa = XCConfigurationList;
			buildConfigurations = (
				A914F27B1EFD47EF000C9B8A /* Debug */,
				A914F27C1EFD47EF000C9B8A /* Release */,
			);
			defaultConfigurationIsVisible = 0;
		};
/* End XCConfigurationList section */
	};
	rootObject = A914F2601EFD47EE000C9B8A /* Project object */;
}
